
Microsoft Visual Studio Solution File, Format Version 10.00
# Visual Studio 2008
Project("{2150E333-8FDC-42A3-9474-1A3956D46DE8}") = "Generated", "Generated", "{00702763-5B4F-4D3A-A837-F273DFD3B8D8}"
EndProject
Project("{FAE04EC0-301F-11D3-BF4B-00C04F79EFBC}") = "Nettiers.AdventureWorks.Entities", "Generated\Nettiers.AdventureWorks.Entities\Nettiers.AdventureWorks.Entities.csproj", "{20E43088-4618-4F4A-B8AD-FC31B50D94CD}"
EndProject
Project("{FAE04EC0-301F-11D3-BF4B-00C04F79EFBC}") = "Nettiers.AdventureWorks.Data", "Generated\Nettiers.AdventureWorks.Data\Nettiers.AdventureWorks.Data.csproj", "{041C1BBE-0BFB-4D45-8125-9AB0BBC09A92}"
EndProject
Project("{FAE04EC0-301F-11D3-BF4B-00C04F79EFBC}") = "Nettiers.AdventureWorks.Data.SqlClient", "Generated\Nettiers.AdventureWorks.Data.SqlClient\Nettiers.AdventureWorks.Data.SqlClient.csproj", "{8996A7B4-57D3-440B-A545-A701844B8C4A}"
EndProject
Project("{FAE04EC0-301F-11D3-BF4B-00C04F79EFBC}") = "Nettiers.AdventureWorks.Services", "Generated\Nettiers.AdventureWorks.Services\Nettiers.AdventureWorks.Services.csproj", "{794327CE-DC0A-4381-89EE-4C00AFB08D5A}"
EndProject
Project("{FAE04EC0-301F-11D3-BF4B-00C04F79EFBC}") = "Nettiers.AdventureWorks.UnitTests", "Generated\Nettiers.AdventureWorks.UnitTests\Nettiers.AdventureWorks.UnitTests.csproj", "{031D5BAE-0BFB-4D45-8125-9AB0BBC09A92}"
EndProject
Project("{FAE04EC0-301F-11D3-BF4B-00C04F79EFBC}") = "Nettiers.AdventureWorks.Web", "Generated\Nettiers.AdventureWorks.Web\Nettiers.AdventureWorks.Web.csproj", "{47FE3BE8-3E46-47CA-8494-473755867DD0}"
EndProject
Project("{FAE04EC0-301F-11D3-BF4B-00C04F79EFBC}") = "Nettiers.AdventureWorks.Windows.Forms", "Generated\Nettiers.AdventureWorks.Windows.Forms\Nettiers.AdventureWorks.Windows.Forms.csproj", "{43FE3BE8-3E46-47CA-8494-473315867DD0}"
EndProject
Project("{E24C65DC-7377-472B-9ABA-BC803B73C61A}") = "Nettiers.AdventureWorks.Website", "Generated\Nettiers.AdventureWorks.Website\", "{3F15DE19-8BAF-439E-9009-D56CACA8B15B}"
	ProjectSection(WebsiteProperties) = preProject
		TargetFramework = "3.5"
		ProjectReferences = "{8996A7B4-57D3-440B-A545-A701844B8C4A}|Nettiers.AdventureWorks.Data.SqlClient.dll;{794327CE-DC0A-4381-89EE-4C00AFB08D5A}|Nettiers.AdventureWorks.Services.dll;{47FE3BE8-3E46-47CA-8494-473755867DD0}|Nettiers.AdventureWorks.Web.dll;{041C1BBE-0BFB-4D45-8125-9AB0BBC09A92}|Nettiers.AdventureWorks.Data.dll;{20E43088-4618-4F4A-B8AD-FC31B50D94CD}|Nettiers.AdventureWorks.Entities.dll;"
		Debug.AspNetCompiler.VirtualPath = "/Nettiers.AdventureWorks.Website"
		Debug.AspNetCompiler.PhysicalPath = "Generated\Nettiers.AdventureWorks.Website\"
		Debug.AspNetCompiler.TargetPath = "PrecompiledWeb\Nettiers.AdventureWorks.Website\"
		Debug.AspNetCompiler.Updateable = "true"
		Debug.AspNetCompiler.ForceOverwrite = "true"
		Debug.AspNetCompiler.FixedNames = "false"
		Debug.AspNetCompiler.Debug = "True"
		Release.AspNetCompiler.VirtualPath = "/Nettiers.AdventureWorks.Website"
		Release.AspNetCompiler.PhysicalPath = "Generated\Nettiers.AdventureWorks.Website\"
		Release.AspNetCompiler.TargetPath = "PrecompiledWeb\Nettiers.AdventureWorks.Website\"
		Release.AspNetCompiler.Updateable = "true"
		Release.AspNetCompiler.ForceOverwrite = "true"
		Release.AspNetCompiler.FixedNames = "false"
		Release.AspNetCompiler.Debug = "False"
		VWDPort = "2170"
	EndProjectSection
EndProject
Project("{FAE04EC0-301F-11D3-BF4B-00C04F79EFBC}") = "Nettiers.AdventureWorks.Data.WebServiceClient", "Generated\Nettiers.AdventureWorks.Data.WebServiceClient\Nettiers.AdventureWorks.Data.WebServiceClient.csproj", "{061C1BBE-0BFB-4D45-8125-9AB0BBC09A92}"
EndProject
Project("{2150E333-8FDC-42A3-9474-1A3956D46DE8}") = "UnitTestProjects", "UnitTestProjects", "{5947EDA3-9EEF-4120-B623-9A3F03AB9FCE}"
EndProject
Project("{2150E333-8FDC-42A3-9474-1A3956D46DE8}") = "TestProjects", "TestProjects", "{82B666AC-22D5-499F-B6A0-B24A71C075E9}"
EndProject
Project("{FAE04EC0-301F-11D3-BF4B-00C04F79EFBC}") = "WinFormsTest", "WinFormsTest\WinFormsTest.csproj", "{0B893AE5-3F6E-4932-8EED-0064BF466B2B}"
EndProject
Project("{E24C65DC-7377-472B-9ABA-BC803B73C61A}") = "AdventureWorksServices", "http://localhost/AdventureWorksServices", "{29D7D7B7-1098-4C78-81CC-FCEB5A1B7934}"
	ProjectSection(WebsiteProperties) = preProject
		TargetFramework = "3.5"
		ProjectReferences = "{041C1BBE-0BFB-4D45-8125-9AB0BBC09A92}|Nettiers.AdventureWorks.Data.dll;{8996A7B4-57D3-440B-A545-A701844B8C4A}|Nettiers.AdventureWorks.Data.SqlClient.dll;{20E43088-4618-4F4A-B8AD-FC31B50D94CD}|Nettiers.AdventureWorks.Entities.dll;{794327CE-DC0A-4381-89EE-4C00AFB08D5A}|Nettiers.AdventureWorks.Services.dll;"
		Debug.AspNetCompiler.VirtualPath = "/AdventureWorksServices"
		Debug.AspNetCompiler.PhysicalPath = "Generated\AdventureWorksServices\"
		Debug.AspNetCompiler.TargetPath = "PrecompiledWeb\AdventureWorksServices\"
		Debug.AspNetCompiler.Updateable = "true"
		Debug.AspNetCompiler.ForceOverwrite = "true"
		Debug.AspNetCompiler.FixedNames = "false"
		Debug.AspNetCompiler.Debug = "True"
		Release.AspNetCompiler.VirtualPath = "/AdventureWorksServices"
		Release.AspNetCompiler.PhysicalPath = "Generated\AdventureWorksServices\"
		Release.AspNetCompiler.TargetPath = "PrecompiledWeb\AdventureWorksServices\"
		Release.AspNetCompiler.Updateable = "true"
		Release.AspNetCompiler.ForceOverwrite = "true"
		Release.AspNetCompiler.FixedNames = "false"
		Release.AspNetCompiler.Debug = "False"
		SlnRelativePath = "Generated\AdventureWorksServices\"
	EndProjectSection
EndProject
Project("{FAE04EC0-301F-11D3-BF4B-00C04F79EFBC}") = "Nettiers.CustomUnitTests", "Nettiers.CustomUnitTests\Nettiers.CustomUnitTests.csproj", "{246C5A1B-4CC1-4265-A9B3-6F1633E0334A}"
EndProject
Project("{FAE04EC0-301F-11D3-BF4B-00C04F79EFBC}") = "Nettiers.AdventureWorks.Contracts", "Generated\Nettiers.AdventureWorks.Contracts\Nettiers.AdventureWorks.Contracts.csproj", "{30AB422B-FAAB-4D13-96A8-75C4B2AA940F}"
EndProject
Global
	GlobalSection(SolutionConfigurationPlatforms) = preSolution
		Debug|.NET = Debug|.NET
		Debug|Any CPU = Debug|Any CPU
		Debug|Mixed Platforms = Debug|Mixed Platforms
		GenerateDebug|.NET = GenerateDebug|.NET
		GenerateDebug|Any CPU = GenerateDebug|Any CPU
		GenerateDebug|Mixed Platforms = GenerateDebug|Mixed Platforms
		Release|.NET = Release|.NET
		Release|Any CPU = Release|Any CPU
		Release|Mixed Platforms = Release|Mixed Platforms
	EndGlobalSection
	GlobalSection(ProjectConfigurationPlatforms) = postSolution
		{20E43088-4618-4F4A-B8AD-FC31B50D94CD}.Debug|.NET.ActiveCfg = Debug|Any CPU
		{20E43088-4618-4F4A-B8AD-FC31B50D94CD}.Debug|Any CPU.ActiveCfg = Debug|Any CPU
		{20E43088-4618-4F4A-B8AD-FC31B50D94CD}.Debug|Any CPU.Build.0 = Debug|Any CPU
		{20E43088-4618-4F4A-B8AD-FC31B50D94CD}.Debug|Mixed Platforms.ActiveCfg = Debug|Any CPU
		{20E43088-4618-4F4A-B8AD-FC31B50D94CD}.Debug|Mixed Platforms.Build.0 = Debug|Any CPU
		{20E43088-4618-4F4A-B8AD-FC31B50D94CD}.GenerateDebug|.NET.ActiveCfg = GenerateDebug|Any CPU
		{20E43088-4618-4F4A-B8AD-FC31B50D94CD}.GenerateDebug|Any CPU.ActiveCfg = GenerateDebug|Any CPU
		{20E43088-4618-4F4A-B8AD-FC31B50D94CD}.GenerateDebug|Any CPU.Build.0 = GenerateDebug|Any CPU
		{20E43088-4618-4F4A-B8AD-FC31B50D94CD}.GenerateDebug|Mixed Platforms.ActiveCfg = GenerateDebug|Any CPU
		{20E43088-4618-4F4A-B8AD-FC31B50D94CD}.GenerateDebug|Mixed Platforms.Build.0 = GenerateDebug|Any CPU
		{20E43088-4618-4F4A-B8AD-FC31B50D94CD}.Release|.NET.ActiveCfg = Release|Any CPU
		{20E43088-4618-4F4A-B8AD-FC31B50D94CD}.Release|Any CPU.ActiveCfg = Release|Any CPU
		{20E43088-4618-4F4A-B8AD-FC31B50D94CD}.Release|Any CPU.Build.0 = Release|Any CPU
		{20E43088-4618-4F4A-B8AD-FC31B50D94CD}.Release|Mixed Platforms.ActiveCfg = Release|Any CPU
		{20E43088-4618-4F4A-B8AD-FC31B50D94CD}.Release|Mixed Platforms.Build.0 = Release|Any CPU
		{041C1BBE-0BFB-4D45-8125-9AB0BBC09A92}.Debug|.NET.ActiveCfg = Debug|Any CPU
		{041C1BBE-0BFB-4D45-8125-9AB0BBC09A92}.Debug|Any CPU.ActiveCfg = Debug|Any CPU
		{041C1BBE-0BFB-4D45-8125-9AB0BBC09A92}.Debug|Any CPU.Build.0 = Debug|Any CPU
		{041C1BBE-0BFB-4D45-8125-9AB0BBC09A92}.Debug|Mixed Platforms.ActiveCfg = Debug|Any CPU
		{041C1BBE-0BFB-4D45-8125-9AB0BBC09A92}.Debug|Mixed Platforms.Build.0 = Debug|Any CPU
		{041C1BBE-0BFB-4D45-8125-9AB0BBC09A92}.GenerateDebug|.NET.ActiveCfg = GenerateDebug|Any CPU
		{041C1BBE-0BFB-4D45-8125-9AB0BBC09A92}.GenerateDebug|Any CPU.ActiveCfg = GenerateDebug|Any CPU
		{041C1BBE-0BFB-4D45-8125-9AB0BBC09A92}.GenerateDebug|Any CPU.Build.0 = GenerateDebug|Any CPU
		{041C1BBE-0BFB-4D45-8125-9AB0BBC09A92}.GenerateDebug|Mixed Platforms.ActiveCfg = GenerateDebug|Any CPU
		{041C1BBE-0BFB-4D45-8125-9AB0BBC09A92}.GenerateDebug|Mixed Platforms.Build.0 = GenerateDebug|Any CPU
		{041C1BBE-0BFB-4D45-8125-9AB0BBC09A92}.Release|.NET.ActiveCfg = Release|Any CPU
		{041C1BBE-0BFB-4D45-8125-9AB0BBC09A92}.Release|Any CPU.ActiveCfg = Release|Any CPU
		{041C1BBE-0BFB-4D45-8125-9AB0BBC09A92}.Release|Any CPU.Build.0 = Release|Any CPU
		{041C1BBE-0BFB-4D45-8125-9AB0BBC09A92}.Release|Mixed Platforms.ActiveCfg = Release|Any CPU
		{041C1BBE-0BFB-4D45-8125-9AB0BBC09A92}.Release|Mixed Platforms.Build.0 = Release|Any CPU
		{8996A7B4-57D3-440B-A545-A701844B8C4A}.Debug|.NET.ActiveCfg = Debug|Any CPU
		{8996A7B4-57D3-440B-A545-A701844B8C4A}.Debug|Any CPU.ActiveCfg = Debug|Any CPU
		{8996A7B4-57D3-440B-A545-A701844B8C4A}.Debug|Any CPU.Build.0 = Debug|Any CPU
		{8996A7B4-57D3-440B-A545-A701844B8C4A}.Debug|Mixed Platforms.ActiveCfg = Debug|Any CPU
		{8996A7B4-57D3-440B-A545-A701844B8C4A}.Debug|Mixed Platforms.Build.0 = Debug|Any CPU
		{8996A7B4-57D3-440B-A545-A701844B8C4A}.GenerateDebug|.NET.ActiveCfg = GenerateDebug|Any CPU
		{8996A7B4-57D3-440B-A545-A701844B8C4A}.GenerateDebug|Any CPU.ActiveCfg = GenerateDebug|Any CPU
		{8996A7B4-57D3-440B-A545-A701844B8C4A}.GenerateDebug|Any CPU.Build.0 = GenerateDebug|Any CPU
		{8996A7B4-57D3-440B-A545-A701844B8C4A}.GenerateDebug|Mixed Platforms.ActiveCfg = GenerateDebug|Any CPU
		{8996A7B4-57D3-440B-A545-A701844B8C4A}.GenerateDebug|Mixed Platforms.Build.0 = GenerateDebug|Any CPU
		{8996A7B4-57D3-440B-A545-A701844B8C4A}.Release|.NET.ActiveCfg = Release|Any CPU
		{8996A7B4-57D3-440B-A545-A701844B8C4A}.Release|Any CPU.ActiveCfg = Release|Any CPU
		{8996A7B4-57D3-440B-A545-A701844B8C4A}.Release|Any CPU.Build.0 = Release|Any CPU
		{8996A7B4-57D3-440B-A545-A701844B8C4A}.Release|Mixed Platforms.ActiveCfg = Release|Any CPU
		{8996A7B4-57D3-440B-A545-A701844B8C4A}.Release|Mixed Platforms.Build.0 = Release|Any CPU
		{794327CE-DC0A-4381-89EE-4C00AFB08D5A}.Debug|.NET.ActiveCfg = Debug|Any CPU
		{794327CE-DC0A-4381-89EE-4C00AFB08D5A}.Debug|Any CPU.ActiveCfg = Debug|Any CPU
		{794327CE-DC0A-4381-89EE-4C00AFB08D5A}.Debug|Any CPU.Build.0 = Debug|Any CPU
		{794327CE-DC0A-4381-89EE-4C00AFB08D5A}.Debug|Mixed Platforms.ActiveCfg = Debug|Any CPU
		{794327CE-DC0A-4381-89EE-4C00AFB08D5A}.Debug|Mixed Platforms.Build.0 = Debug|Any CPU
		{794327CE-DC0A-4381-89EE-4C00AFB08D5A}.GenerateDebug|.NET.ActiveCfg = GenerateDebug|Any CPU
		{794327CE-DC0A-4381-89EE-4C00AFB08D5A}.GenerateDebug|Any CPU.ActiveCfg = GenerateDebug|Any CPU
		{794327CE-DC0A-4381-89EE-4C00AFB08D5A}.GenerateDebug|Any CPU.Build.0 = GenerateDebug|Any CPU
		{794327CE-DC0A-4381-89EE-4C00AFB08D5A}.GenerateDebug|Mixed Platforms.ActiveCfg = GenerateDebug|Any CPU
		{794327CE-DC0A-4381-89EE-4C00AFB08D5A}.GenerateDebug|Mixed Platforms.Build.0 = GenerateDebug|Any CPU
		{794327CE-DC0A-4381-89EE-4C00AFB08D5A}.Release|.NET.ActiveCfg = Release|Any CPU
		{794327CE-DC0A-4381-89EE-4C00AFB08D5A}.Release|Any CPU.ActiveCfg = Release|Any CPU
		{794327CE-DC0A-4381-89EE-4C00AFB08D5A}.Release|Any CPU.Build.0 = Release|Any CPU
		{794327CE-DC0A-4381-89EE-4C00AFB08D5A}.Release|Mixed Platforms.ActiveCfg = Release|Any CPU
		{794327CE-DC0A-4381-89EE-4C00AFB08D5A}.Release|Mixed Platforms.Build.0 = Release|Any CPU
		{031D5BAE-0BFB-4D45-8125-9AB0BBC09A92}.Debug|.NET.ActiveCfg = Debug|Any CPU
		{031D5BAE-0BFB-4D45-8125-9AB0BBC09A92}.Debug|Any CPU.ActiveCfg = Debug|Any CPU
		{031D5BAE-0BFB-4D45-8125-9AB0BBC09A92}.Debug|Any CPU.Build.0 = Debug|Any CPU
		{031D5BAE-0BFB-4D45-8125-9AB0BBC09A92}.Debug|Mixed Platforms.ActiveCfg = Debug|Any CPU
		{031D5BAE-0BFB-4D45-8125-9AB0BBC09A92}.Debug|Mixed Platforms.Build.0 = Debug|Any CPU
		{031D5BAE-0BFB-4D45-8125-9AB0BBC09A92}.GenerateDebug|.NET.ActiveCfg = GenerateDebug|Any CPU
		{031D5BAE-0BFB-4D45-8125-9AB0BBC09A92}.GenerateDebug|Any CPU.ActiveCfg = GenerateDebug|Any CPU
		{031D5BAE-0BFB-4D45-8125-9AB0BBC09A92}.GenerateDebug|Any CPU.Build.0 = GenerateDebug|Any CPU
		{031D5BAE-0BFB-4D45-8125-9AB0BBC09A92}.GenerateDebug|Mixed Platforms.ActiveCfg = GenerateDebug|Any CPU
		{031D5BAE-0BFB-4D45-8125-9AB0BBC09A92}.GenerateDebug|Mixed Platforms.Build.0 = GenerateDebug|Any CPU
		{031D5BAE-0BFB-4D45-8125-9AB0BBC09A92}.Release|.NET.ActiveCfg = Release|Any CPU
		{031D5BAE-0BFB-4D45-8125-9AB0BBC09A92}.Release|Any CPU.ActiveCfg = Release|Any CPU
		{031D5BAE-0BFB-4D45-8125-9AB0BBC09A92}.Release|Any CPU.Build.0 = Release|Any CPU
		{031D5BAE-0BFB-4D45-8125-9AB0BBC09A92}.Release|Mixed Platforms.ActiveCfg = Release|Any CPU
		{031D5BAE-0BFB-4D45-8125-9AB0BBC09A92}.Release|Mixed Platforms.Build.0 = Release|Any CPU
		{47FE3BE8-3E46-47CA-8494-473755867DD0}.Debug|.NET.ActiveCfg = Debug|Any CPU
		{47FE3BE8-3E46-47CA-8494-473755867DD0}.Debug|Any CPU.ActiveCfg = Debug|Any CPU
		{47FE3BE8-3E46-47CA-8494-473755867DD0}.Debug|Any CPU.Build.0 = Debug|Any CPU
		{47FE3BE8-3E46-47CA-8494-473755867DD0}.Debug|Mixed Platforms.ActiveCfg = Debug|Any CPU
		{47FE3BE8-3E46-47CA-8494-473755867DD0}.Debug|Mixed Platforms.Build.0 = Debug|Any CPU
		{47FE3BE8-3E46-47CA-8494-473755867DD0}.GenerateDebug|.NET.ActiveCfg = GenerateDebug|Any CPU
		{47FE3BE8-3E46-47CA-8494-473755867DD0}.GenerateDebug|Any CPU.ActiveCfg = GenerateDebug|Any CPU
		{47FE3BE8-3E46-47CA-8494-473755867DD0}.GenerateDebug|Any CPU.Build.0 = GenerateDebug|Any CPU
		{47FE3BE8-3E46-47CA-8494-473755867DD0}.GenerateDebug|Mixed Platforms.ActiveCfg = GenerateDebug|Any CPU
		{47FE3BE8-3E46-47CA-8494-473755867DD0}.GenerateDebug|Mixed Platforms.Build.0 = GenerateDebug|Any CPU
		{47FE3BE8-3E46-47CA-8494-473755867DD0}.Release|.NET.ActiveCfg = Release|Any CPU
		{47FE3BE8-3E46-47CA-8494-473755867DD0}.Release|Any CPU.ActiveCfg = Release|Any CPU
		{47FE3BE8-3E46-47CA-8494-473755867DD0}.Release|Any CPU.Build.0 = Release|Any CPU
		{47FE3BE8-3E46-47CA-8494-473755867DD0}.Release|Mixed Platforms.ActiveCfg = Release|Any CPU
		{47FE3BE8-3E46-47CA-8494-473755867DD0}.Release|Mixed Platforms.Build.0 = Release|Any CPU
		{43FE3BE8-3E46-47CA-8494-473315867DD0}.Debug|.NET.ActiveCfg = Debug|Any CPU
		{43FE3BE8-3E46-47CA-8494-473315867DD0}.Debug|Any CPU.ActiveCfg = Debug|Any CPU
		{43FE3BE8-3E46-47CA-8494-473315867DD0}.Debug|Any CPU.Build.0 = Debug|Any CPU
		{43FE3BE8-3E46-47CA-8494-473315867DD0}.Debug|Mixed Platforms.ActiveCfg = Debug|Any CPU
		{43FE3BE8-3E46-47CA-8494-473315867DD0}.Debug|Mixed Platforms.Build.0 = Debug|Any CPU
		{43FE3BE8-3E46-47CA-8494-473315867DD0}.GenerateDebug|.NET.ActiveCfg = GenerateDebug|Any CPU
		{43FE3BE8-3E46-47CA-8494-473315867DD0}.GenerateDebug|Any CPU.ActiveCfg = GenerateDebug|Any CPU
		{43FE3BE8-3E46-47CA-8494-473315867DD0}.GenerateDebug|Any CPU.Build.0 = GenerateDebug|Any CPU
		{43FE3BE8-3E46-47CA-8494-473315867DD0}.GenerateDebug|Mixed Platforms.ActiveCfg = GenerateDebug|Any CPU
		{43FE3BE8-3E46-47CA-8494-473315867DD0}.GenerateDebug|Mixed Platforms.Build.0 = GenerateDebug|Any CPU
		{43FE3BE8-3E46-47CA-8494-473315867DD0}.Release|.NET.ActiveCfg = Release|Any CPU
		{43FE3BE8-3E46-47CA-8494-473315867DD0}.Release|Any CPU.ActiveCfg = Release|Any CPU
		{43FE3BE8-3E46-47CA-8494-473315867DD0}.Release|Any CPU.Build.0 = Release|Any CPU
		{43FE3BE8-3E46-47CA-8494-473315867DD0}.Release|Mixed Platforms.ActiveCfg = Release|Any CPU
		{43FE3BE8-3E46-47CA-8494-473315867DD0}.Release|Mixed Platforms.Build.0 = Release|Any CPU
		{3F15DE19-8BAF-439E-9009-D56CACA8B15B}.Debug|.NET.ActiveCfg = Debug|.NET
		{3F15DE19-8BAF-439E-9009-D56CACA8B15B}.Debug|.NET.Build.0 = Debug|.NET
		{3F15DE19-8BAF-439E-9009-D56CACA8B15B}.Debug|Any CPU.ActiveCfg = Debug|.NET
		{3F15DE19-8BAF-439E-9009-D56CACA8B15B}.Debug|Mixed Platforms.ActiveCfg = Debug|.NET
		{3F15DE19-8BAF-439E-9009-D56CACA8B15B}.Debug|Mixed Platforms.Build.0 = Debug|.NET
		{3F15DE19-8BAF-439E-9009-D56CACA8B15B}.GenerateDebug|.NET.ActiveCfg = Debug|.NET
		{3F15DE19-8BAF-439E-9009-D56CACA8B15B}.GenerateDebug|.NET.Build.0 = Debug|.NET
		{3F15DE19-8BAF-439E-9009-D56CACA8B15B}.GenerateDebug|Any CPU.ActiveCfg = Debug|.NET
		{3F15DE19-8BAF-439E-9009-D56CACA8B15B}.GenerateDebug|Mixed Platforms.ActiveCfg = Debug|.NET
		{3F15DE19-8BAF-439E-9009-D56CACA8B15B}.GenerateDebug|Mixed Platforms.Build.0 = Debug|.NET
		{3F15DE19-8BAF-439E-9009-D56CACA8B15B}.Release|.NET.ActiveCfg = Debug|.NET
		{3F15DE19-8BAF-439E-9009-D56CACA8B15B}.Release|.NET.Build.0 = Debug|.NET
		{3F15DE19-8BAF-439E-9009-D56CACA8B15B}.Release|Any CPU.ActiveCfg = Debug|.NET
		{3F15DE19-8BAF-439E-9009-D56CACA8B15B}.Release|Mixed Platforms.ActiveCfg = Debug|.NET
		{3F15DE19-8BAF-439E-9009-D56CACA8B15B}.Release|Mixed Platforms.Build.0 = Debug|.NET
		{061C1BBE-0BFB-4D45-8125-9AB0BBC09A92}.Debug|.NET.ActiveCfg = Debug|Any CPU
		{061C1BBE-0BFB-4D45-8125-9AB0BBC09A92}.Debug|Any CPU.ActiveCfg = Debug|Any CPU
		{061C1BBE-0BFB-4D45-8125-9AB0BBC09A92}.Debug|Any CPU.Build.0 = Debug|Any CPU
		{061C1BBE-0BFB-4D45-8125-9AB0BBC09A92}.Debug|Mixed Platforms.ActiveCfg = Debug|Any CPU
		{061C1BBE-0BFB-4D45-8125-9AB0BBC09A92}.Debug|Mixed Platforms.Build.0 = Debug|Any CPU
		{061C1BBE-0BFB-4D45-8125-9AB0BBC09A92}.GenerateDebug|.NET.ActiveCfg = GenerateDebug|Any CPU
		{061C1BBE-0BFB-4D45-8125-9AB0BBC09A92}.GenerateDebug|Any CPU.ActiveCfg = GenerateDebug|Any CPU
		{061C1BBE-0BFB-4D45-8125-9AB0BBC09A92}.GenerateDebug|Any CPU.Build.0 = GenerateDebug|Any CPU
		{061C1BBE-0BFB-4D45-8125-9AB0BBC09A92}.GenerateDebug|Mixed Platforms.ActiveCfg = GenerateDebug|Any CPU
		{061C1BBE-0BFB-4D45-8125-9AB0BBC09A92}.GenerateDebug|Mixed Platforms.Build.0 = GenerateDebug|Any CPU
		{061C1BBE-0BFB-4D45-8125-9AB0BBC09A92}.Release|.NET.ActiveCfg = Release|Any CPU
		{061C1BBE-0BFB-4D45-8125-9AB0BBC09A92}.Release|Any CPU.ActiveCfg = Release|Any CPU
		{061C1BBE-0BFB-4D45-8125-9AB0BBC09A92}.Release|Any CPU.Build.0 = Release|Any CPU
		{061C1BBE-0BFB-4D45-8125-9AB0BBC09A92}.Release|Mixed Platforms.ActiveCfg = Release|Any CPU
		{061C1BBE-0BFB-4D45-8125-9AB0BBC09A92}.Release|Mixed Platforms.Build.0 = Release|Any CPU
		{0B893AE5-3F6E-4932-8EED-0064BF466B2B}.Debug|.NET.ActiveCfg = Debug|Any CPU
		{0B893AE5-3F6E-4932-8EED-0064BF466B2B}.Debug|Any CPU.ActiveCfg = Debug|Any CPU
		{0B893AE5-3F6E-4932-8EED-0064BF466B2B}.Debug|Any CPU.Build.0 = Debug|Any CPU
		{0B893AE5-3F6E-4932-8EED-0064BF466B2B}.Debug|Mixed Platforms.ActiveCfg = Debug|Any CPU
		{0B893AE5-3F6E-4932-8EED-0064BF466B2B}.Debug|Mixed Platforms.Build.0 = Debug|Any CPU
		{0B893AE5-3F6E-4932-8EED-0064BF466B2B}.GenerateDebug|.NET.ActiveCfg = Debug|Any CPU
		{0B893AE5-3F6E-4932-8EED-0064BF466B2B}.GenerateDebug|Any CPU.ActiveCfg = Debug|Any CPU
		{0B893AE5-3F6E-4932-8EED-0064BF466B2B}.GenerateDebug|Any CPU.Build.0 = Debug|Any CPU
		{0B893AE5-3F6E-4932-8EED-0064BF466B2B}.GenerateDebug|Mixed Platforms.ActiveCfg = Debug|Any CPU
		{0B893AE5-3F6E-4932-8EED-0064BF466B2B}.GenerateDebug|Mixed Platforms.Build.0 = Debug|Any CPU
		{0B893AE5-3F6E-4932-8EED-0064BF466B2B}.Release|.NET.ActiveCfg = Release|Any CPU
		{0B893AE5-3F6E-4932-8EED-0064BF466B2B}.Release|Any CPU.ActiveCfg = Release|Any CPU
		{0B893AE5-3F6E-4932-8EED-0064BF466B2B}.Release|Any CPU.Build.0 = Release|Any CPU
		{0B893AE5-3F6E-4932-8EED-0064BF466B2B}.Release|Mixed Platforms.ActiveCfg = Release|Any CPU
		{0B893AE5-3F6E-4932-8EED-0064BF466B2B}.Release|Mixed Platforms.Build.0 = Release|Any CPU
		{29D7D7B7-1098-4C78-81CC-FCEB5A1B7934}.Debug|.NET.ActiveCfg = Debug|Any CPU
		{29D7D7B7-1098-4C78-81CC-FCEB5A1B7934}.Debug|Any CPU.ActiveCfg = Debug|Any CPU
		{29D7D7B7-1098-4C78-81CC-FCEB5A1B7934}.Debug|Any CPU.Build.0 = Debug|Any CPU
		{29D7D7B7-1098-4C78-81CC-FCEB5A1B7934}.Debug|Mixed Platforms.ActiveCfg = Debug|Any CPU
		{29D7D7B7-1098-4C78-81CC-FCEB5A1B7934}.Debug|Mixed Platforms.Build.0 = Debug|Any CPU
		{29D7D7B7-1098-4C78-81CC-FCEB5A1B7934}.GenerateDebug|.NET.ActiveCfg = Debug|Any CPU
		{29D7D7B7-1098-4C78-81CC-FCEB5A1B7934}.GenerateDebug|Any CPU.ActiveCfg = Debug|Any CPU
		{29D7D7B7-1098-4C78-81CC-FCEB5A1B7934}.GenerateDebug|Any CPU.Build.0 = Debug|Any CPU
		{29D7D7B7-1098-4C78-81CC-FCEB5A1B7934}.GenerateDebug|Mixed Platforms.ActiveCfg = Debug|Any CPU
		{29D7D7B7-1098-4C78-81CC-FCEB5A1B7934}.GenerateDebug|Mixed Platforms.Build.0 = Debug|Any CPU
		{29D7D7B7-1098-4C78-81CC-FCEB5A1B7934}.Release|.NET.ActiveCfg = Debug|Any CPU
		{29D7D7B7-1098-4C78-81CC-FCEB5A1B7934}.Release|Any CPU.ActiveCfg = Debug|Any CPU
		{29D7D7B7-1098-4C78-81CC-FCEB5A1B7934}.Release|Any CPU.Build.0 = Debug|Any CPU
		{29D7D7B7-1098-4C78-81CC-FCEB5A1B7934}.Release|Mixed Platforms.ActiveCfg = Debug|Any CPU
		{29D7D7B7-1098-4C78-81CC-FCEB5A1B7934}.Release|Mixed Platforms.Build.0 = Debug|Any CPU
		{246C5A1B-4CC1-4265-A9B3-6F1633E0334A}.Debug|.NET.ActiveCfg = Debug|Any CPU
		{246C5A1B-4CC1-4265-A9B3-6F1633E0334A}.Debug|Any CPU.ActiveCfg = Debug|Any CPU
		{246C5A1B-4CC1-4265-A9B3-6F1633E0334A}.Debug|Any CPU.Build.0 = Debug|Any CPU
		{246C5A1B-4CC1-4265-A9B3-6F1633E0334A}.Debug|Mixed Platforms.ActiveCfg = Debug|Any CPU
		{246C5A1B-4CC1-4265-A9B3-6F1633E0334A}.Debug|Mixed Platforms.Build.0 = Debug|Any CPU
		{246C5A1B-4CC1-4265-A9B3-6F1633E0334A}.GenerateDebug|.NET.ActiveCfg = Debug|Any CPU
		{246C5A1B-4CC1-4265-A9B3-6F1633E0334A}.GenerateDebug|Any CPU.ActiveCfg = Debug|Any CPU
		{246C5A1B-4CC1-4265-A9B3-6F1633E0334A}.GenerateDebug|Any CPU.Build.0 = Debug|Any CPU
		{246C5A1B-4CC1-4265-A9B3-6F1633E0334A}.GenerateDebug|Mixed Platforms.ActiveCfg = Debug|Any CPU
		{246C5A1B-4CC1-4265-A9B3-6F1633E0334A}.GenerateDebug|Mixed Platforms.Build.0 = Debug|Any CPU
		{246C5A1B-4CC1-4265-A9B3-6F1633E0334A}.Release|.NET.ActiveCfg = Release|Any CPU
		{246C5A1B-4CC1-4265-A9B3-6F1633E0334A}.Release|Any CPU.ActiveCfg = Release|Any CPU
		{246C5A1B-4CC1-4265-A9B3-6F1633E0334A}.Release|Any CPU.Build.0 = Release|Any CPU
		{246C5A1B-4CC1-4265-A9B3-6F1633E0334A}.Release|Mixed Platforms.ActiveCfg = Release|Any CPU
		{246C5A1B-4CC1-4265-A9B3-6F1633E0334A}.Release|Mixed Platforms.Build.0 = Release|Any CPU
		{30AB422B-FAAB-4D13-96A8-75C4B2AA940F}.Debug|.NET.ActiveCfg = Debug|Any CPU
		{30AB422B-FAAB-4D13-96A8-75C4B2AA940F}.Debug|Any CPU.ActiveCfg = Debug|Any CPU
		{30AB422B-FAAB-4D13-96A8-75C4B2AA940F}.Debug|Any CPU.Build.0 = Debug|Any CPU
		{30AB422B-FAAB-4D13-96A8-75C4B2AA940F}.Debug|Mixed Platforms.ActiveCfg = Debug|Any CPU
		{30AB422B-FAAB-4D13-96A8-75C4B2AA940F}.Debug|Mixed Platforms.Build.0 = Debug|Any CPU
		{30AB422B-FAAB-4D13-96A8-75C4B2AA940F}.GenerateDebug|.NET.ActiveCfg = GenerateDebug|Any CPU
		{30AB422B-FAAB-4D13-96A8-75C4B2AA940F}.GenerateDebug|Any CPU.ActiveCfg = GenerateDebug|Any CPU
		{30AB422B-FAAB-4D13-96A8-75C4B2AA940F}.GenerateDebug|Any CPU.Build.0 = GenerateDebug|Any CPU
		{30AB422B-FAAB-4D13-96A8-75C4B2AA940F}.GenerateDebug|Mixed Platforms.ActiveCfg = GenerateDebug|Any CPU
		{30AB422B-FAAB-4D13-96A8-75C4B2AA940F}.GenerateDebug|Mixed Platforms.Build.0 = GenerateDebug|Any CPU
		{30AB422B-FAAB-4D13-96A8-75C4B2AA940F}.Release|.NET.ActiveCfg = Release|Any CPU
		{30AB422B-FAAB-4D13-96A8-75C4B2AA940F}.Release|Any CPU.ActiveCfg = Release|Any CPU
		{30AB422B-FAAB-4D13-96A8-75C4B2AA940F}.Release|Any CPU.Build.0 = Release|Any CPU
		{30AB422B-FAAB-4D13-96A8-75C4B2AA940F}.Release|Mixed Platforms.ActiveCfg = Release|Any CPU
		{30AB422B-FAAB-4D13-96A8-75C4B2AA940F}.Release|Mixed Platforms.Build.0 = Release|Any CPU
	EndGlobalSection
	GlobalSection(SolutionProperties) = preSolution
		HideSolutionNode = FALSE
	EndGlobalSection
	GlobalSection(NestedProjects) = preSolution
		{20E43088-4618-4F4A-B8AD-FC31B50D94CD} = {00702763-5B4F-4D3A-A837-F273DFD3B8D8}
		{041C1BBE-0BFB-4D45-8125-9AB0BBC09A92} = {00702763-5B4F-4D3A-A837-F273DFD3B8D8}
		{8996A7B4-57D3-440B-A545-A701844B8C4A} = {00702763-5B4F-4D3A-A837-F273DFD3B8D8}
		{794327CE-DC0A-4381-89EE-4C00AFB08D5A} = {00702763-5B4F-4D3A-A837-F273DFD3B8D8}
		{031D5BAE-0BFB-4D45-8125-9AB0BBC09A92} = {00702763-5B4F-4D3A-A837-F273DFD3B8D8}
		{47FE3BE8-3E46-47CA-8494-473755867DD0} = {00702763-5B4F-4D3A-A837-F273DFD3B8D8}
		{43FE3BE8-3E46-47CA-8494-473315867DD0} = {00702763-5B4F-4D3A-A837-F273DFD3B8D8}
		{3F15DE19-8BAF-439E-9009-D56CACA8B15B} = {00702763-5B4F-4D3A-A837-F273DFD3B8D8}
		{061C1BBE-0BFB-4D45-8125-9AB0BBC09A92} = {00702763-5B4F-4D3A-A837-F273DFD3B8D8}
		{29D7D7B7-1098-4C78-81CC-FCEB5A1B7934} = {00702763-5B4F-4D3A-A837-F273DFD3B8D8}
		{30AB422B-FAAB-4D13-96A8-75C4B2AA940F} = {00702763-5B4F-4D3A-A837-F273DFD3B8D8}
		{246C5A1B-4CC1-4265-A9B3-6F1633E0334A} = {5947EDA3-9EEF-4120-B623-9A3F03AB9FCE}
		{0B893AE5-3F6E-4932-8EED-0064BF466B2B} = {82B666AC-22D5-499F-B6A0-B24A71C075E9}
	EndGlobalSection
EndGlobal
