Microsoft Visual Studio Solution File, Format Version 8.00
Project("{FAE04EC0-301F-11D3-BF4B-00C04F79EFBC}") = "NetTiers.Wizard", "Wizard\NetTiers.Wizard.csproj", "{48AC9A18-AFFC-4123-B850-B8BF25EEFFD9}"
	ProjectSection(ProjectDependencies) = postProject
	EndProjectSection
EndProject
Global
	GlobalSection(SolutionConfiguration) = preSolution
		Debug = Debug
		Release = Release
	EndGlobalSection
	GlobalSection(ProjectConfiguration) = postSolution
		{48AC9A18-AFFC-4123-B850-B8BF25EEFFD9}.Debug.ActiveCfg = Debug|.NET
		{48AC9A18-AFFC-4123-B850-B8BF25EEFFD9}.Debug.Build.0 = Debug|.NET
		{48AC9A18-AFFC-4123-B850-B8BF25EEFFD9}.Release.ActiveCfg = Release|.NET
		{48AC9A18-AFFC-4123-B850-B8BF25EEFFD9}.Release.Build.0 = Release|.NET
	EndGlobalSection
	GlobalSection(ExtensibilityGlobals) = postSolution
	EndGlobalSection
	GlobalSection(ExtensibilityAddIns) = postSolution
	EndGlobalSection
EndGlobal
