Microsoft Visual Studio Solution File, Format Version 9.00
# Visual Studio 2005
Project("{FAE04EC0-301F-11D3-BF4B-00C04F79EFBC}") = "NetTiers.2005", "NetTiers\NetTiers.2005.csproj", "{AB81F819-892D-4D8D-A372-5C863EC4AC97}"
EndProject
Project("{FAE04EC0-301F-11D3-BF4B-00C04F79EFBC}") = "NetTiers.Configuration.Design.2005", "NetTiers\Configuration\Design\NetTiers.Configuration.Design.2005.csproj", "{AA2A19C7-44BC-4FA2-B741-6413096DDF58}"
EndProject
Global
	GlobalSection(SolutionConfigurationPlatforms) = preSolution
		Debug|Any CPU = Debug|Any CPU
		DebugLongRunningTests|Any CPU = DebugLongRunningTests|Any CPU
		DebugUnitTests|Any CPU = DebugUnitTests|Any CPU
		Release|Any CPU = Release|Any CPU
		ReleaseFinal|Any CPU = ReleaseFinal|Any CPU
		ReleaseUnitTests|Any CPU = ReleaseUnitTests|Any CPU
	EndGlobalSection
	GlobalSection(ProjectConfigurationPlatforms) = postSolution
		{AB81F819-892D-4D8D-A372-5C863EC4AC97}.Debug|Any CPU.ActiveCfg = Debug|Any CPU
		{AB81F819-892D-4D8D-A372-5C863EC4AC97}.Debug|Any CPU.Build.0 = Debug|Any CPU
		{AB81F819-892D-4D8D-A372-5C863EC4AC97}.DebugLongRunningTests|Any CPU.ActiveCfg = Debug|Any CPU
		{AB81F819-892D-4D8D-A372-5C863EC4AC97}.DebugLongRunningTests|Any CPU.Build.0 = Debug|Any CPU
		{AB81F819-892D-4D8D-A372-5C863EC4AC97}.DebugUnitTests|Any CPU.ActiveCfg = Debug|Any CPU
		{AB81F819-892D-4D8D-A372-5C863EC4AC97}.DebugUnitTests|Any CPU.Build.0 = Debug|Any CPU
		{AB81F819-892D-4D8D-A372-5C863EC4AC97}.Release|Any CPU.ActiveCfg = Release|Any CPU
		{AB81F819-892D-4D8D-A372-5C863EC4AC97}.Release|Any CPU.Build.0 = Release|Any CPU
		{AB81F819-892D-4D8D-A372-5C863EC4AC97}.ReleaseFinal|Any CPU.ActiveCfg = Release|Any CPU
		{AB81F819-892D-4D8D-A372-5C863EC4AC97}.ReleaseFinal|Any CPU.Build.0 = Release|Any CPU
		{AB81F819-892D-4D8D-A372-5C863EC4AC97}.ReleaseUnitTests|Any CPU.ActiveCfg = Release|Any CPU
		{AB81F819-892D-4D8D-A372-5C863EC4AC97}.ReleaseUnitTests|Any CPU.Build.0 = Release|Any CPU
		{AA2A19C7-44BC-4FA2-B741-6413096DDF58}.Debug|Any CPU.ActiveCfg = Debug|Any CPU
		{AA2A19C7-44BC-4FA2-B741-6413096DDF58}.Debug|Any CPU.Build.0 = Debug|Any CPU
		{AA2A19C7-44BC-4FA2-B741-6413096DDF58}.DebugLongRunningTests|Any CPU.ActiveCfg = Debug|Any CPU
		{AA2A19C7-44BC-4FA2-B741-6413096DDF58}.DebugLongRunningTests|Any CPU.Build.0 = Debug|Any CPU
		{AA2A19C7-44BC-4FA2-B741-6413096DDF58}.DebugUnitTests|Any CPU.ActiveCfg = Debug|Any CPU
		{AA2A19C7-44BC-4FA2-B741-6413096DDF58}.DebugUnitTests|Any CPU.Build.0 = Debug|Any CPU
		{AA2A19C7-44BC-4FA2-B741-6413096DDF58}.Release|Any CPU.ActiveCfg = Release|Any CPU
		{AA2A19C7-44BC-4FA2-B741-6413096DDF58}.Release|Any CPU.Build.0 = Release|Any CPU
		{AA2A19C7-44BC-4FA2-B741-6413096DDF58}.ReleaseFinal|Any CPU.ActiveCfg = Release|Any CPU
		{AA2A19C7-44BC-4FA2-B741-6413096DDF58}.ReleaseFinal|Any CPU.Build.0 = Release|Any CPU
		{AA2A19C7-44BC-4FA2-B741-6413096DDF58}.ReleaseUnitTests|Any CPU.ActiveCfg = Release|Any CPU
		{AA2A19C7-44BC-4FA2-B741-6413096DDF58}.ReleaseUnitTests|Any CPU.Build.0 = Release|Any CPU
	EndGlobalSection
	GlobalSection(SolutionProperties) = preSolution
		HideSolutionNode = FALSE
	EndGlobalSection
EndGlobal
