Microsoft Visual Studio Solution File, Format Version 9.00
# Visual Studio 2005
Project("{FAE04EC0-301F-11D3-BF4B-00C04F79EFBC}") = "netTiers.Petshop.Entities", "netTiers.Petshop.Entities\netTiers.Petshop.Entities.csproj", "{20E43088-4618-4F4A-B8AD-FC31B50D94CD}"
EndProject
Project("{FAE04EC0-301F-11D3-BF4B-00C04F79EFBC}") = "netTiers.Petshop.Data", "netTiers.Petshop.Data\netTiers.Petshop.Data.csproj", "{041C1BBE-0BFB-4D45-8125-9AB0BBC09A92}"
EndProject
Project("{FAE04EC0-301F-11D3-BF4B-00C04F79EFBC}") = "netTiers.Petshop.Data.SqlClient", "netTiers.Petshop.Data.SqlClient\netTiers.Petshop.Data.SqlClient.csproj", "{8996A7B4-57D3-440B-A545-A701844B8C4A}"
EndProject
Project("{FAE04EC0-301F-11D3-BF4B-00C04F79EFBC}") = "netTiers.Petshop.Web", "netTiers.Petshop.Web\netTiers.Petshop.Web.csproj", "{47FE3BE8-3E46-47CA-8494-473755867DD0}"
EndProject
Project("{FAE04EC0-301F-11D3-BF4B-00C04F79EFBC}") = "netTiers.Petshop.Data.WebServiceClient", "netTiers.Petshop.Data.WebServiceClient\netTiers.Petshop.Data.WebServiceClient.csproj", "{061C1BBE-0BFB-4D45-8125-9AB0BBC09A92}"
EndProject
Project("{FAE04EC0-301F-11D3-BF4B-00C04F79EFBC}") = "netTiers.Petshop.Services", "netTiers.Petshop.Services\netTiers.Petshop.Services.csproj", "{794327CE-DC0A-4381-89EE-4C00AFB08D5A}"
EndProject
Project("{FAE04EC0-301F-11D3-BF4B-00C04F79EFBC}") = "netTiers.Petshop.UnitTests", "netTiers.Petshop.UnitTests\netTiers.Petshop.UnitTests.csproj", "{031D5BAE-0BFB-4D45-8125-9AB0BBC09A92}"
EndProject
Project("{2150E333-8FDC-42A3-9474-1A3956D46DE8}") = "NetTiers", "NetTiers", "{F3A10C8D-3227-449F-A2CB-014DE2D7F415}"
	ProjectSection(SolutionItems) = preProject
		AssemblyInfo.cs = AssemblyInfo.cs
	EndProjectSection
EndProject
Project("{E24C65DC-7377-472B-9ABA-BC803B73C61A}") = "C:\...\netTiers.Petshop.Website\", "netTiers.Petshop.Website\", "{95ABA91E-B996-4139-B8C1-BC91EC0A875E}"
	ProjectSection(WebsiteProperties) = preProject
		ProjectReferences = "{794327CE-DC0A-4381-89EE-4C00AFB08D5A}|netTiers.Petshop.Services.dll;{041C1BBE-0BFB-4D45-8125-9AB0BBC09A92}|netTiers.Petshop.Data.dll;{061C1BBE-0BFB-4D45-8125-9AB0BBC09A92}|netTiers.Petshop.Data.WebServiceClient.dll;"
		Debug.AspNetCompiler.VirtualPath = "/netTiers.Petshop.Website"
		Debug.AspNetCompiler.PhysicalPath = "netTiers.Petshop.Website\"
		Debug.AspNetCompiler.TargetPath = "PrecompiledWeb\netTiers.Petshop.Website\"
		Debug.AspNetCompiler.Updateable = "true"
		Debug.AspNetCompiler.ForceOverwrite = "true"
		Debug.AspNetCompiler.FixedNames = "false"
		Debug.AspNetCompiler.Debug = "True"
		Release.AspNetCompiler.VirtualPath = "/netTiers.Petshop.Website"
		Release.AspNetCompiler.PhysicalPath = "netTiers.Petshop.Website\"
		Release.AspNetCompiler.TargetPath = "PrecompiledWeb\netTiers.Petshop.Website\"
		Release.AspNetCompiler.Updateable = "true"
		Release.AspNetCompiler.ForceOverwrite = "true"
		Release.AspNetCompiler.FixedNames = "false"
		Release.AspNetCompiler.Debug = "False"
		VWDPort = "2610"
	EndProjectSection
EndProject
Project("{E24C65DC-7377-472B-9ABA-BC803B73C61A}") = "C:\...\netTiers.Petshop.WebServices\", "netTiers.Petshop.WebServices\", "{F15E5B9F-465D-49B4-9466-3871F016BDB3}"
	ProjectSection(WebsiteProperties) = preProject
		ProjectReferences = "{041C1BBE-0BFB-4D45-8125-9AB0BBC09A92}|netTiers.Petshop.Data.dll;{8996A7B4-57D3-440B-A545-A701844B8C4A}|netTiers.Petshop.Data.SqlClient.dll;{20E43088-4618-4F4A-B8AD-FC31B50D94CD}|netTiers.Petshop.Entities.dll;"
		Debug.AspNetCompiler.VirtualPath = "/netTiers.Petshop.WebServices"
		Debug.AspNetCompiler.PhysicalPath = "netTiers.Petshop.WebServices\"
		Debug.AspNetCompiler.TargetPath = "PrecompiledWeb\netTiers.Petshop.WebServices\"
		Debug.AspNetCompiler.Updateable = "true"
		Debug.AspNetCompiler.ForceOverwrite = "true"
		Debug.AspNetCompiler.FixedNames = "false"
		Debug.AspNetCompiler.Debug = "True"
		Release.AspNetCompiler.VirtualPath = "/netTiers.Petshop.WebServices"
		Release.AspNetCompiler.PhysicalPath = "netTiers.Petshop.WebServices\"
		Release.AspNetCompiler.TargetPath = "PrecompiledWeb\netTiers.Petshop.WebServices\"
		Release.AspNetCompiler.Updateable = "true"
		Release.AspNetCompiler.ForceOverwrite = "true"
		Release.AspNetCompiler.FixedNames = "false"
		Release.AspNetCompiler.Debug = "False"
		VWDPort = "2613"
	EndProjectSection
EndProject
Project("{FAE04EC0-301F-11D3-BF4B-00C04F79EFBC}") = "netTiers.Petshop.Inventory", "netTiers.Petshop.Inventory\netTiers.Petshop.Inventory.csproj", "{E3F94CFB-039E-4ED9-984F-5851086C7739}"
EndProject
Project("{2150E333-8FDC-42A3-9474-1A3956D46DE8}") = "ReadMe", "ReadMe", "{37DB4AE8-9299-4F7C-822B-5A2A440B6A61}"
	ProjectSection(SolutionItems) = preProject
		..\ReadMe\changes.log = ..\ReadMe\changes.log
		..\ReadMe\database.png = ..\ReadMe\database.png
		..\ReadMe\f01boa01.gif = ..\ReadMe\f01boa01.gif
		..\ReadMe\petshop.xml = ..\ReadMe\petshop.xml
		..\ReadMe\PetShopNet2.html = ..\ReadMe\PetShopNet2.html
		..\ReadMe\PetshopScriptDDL.sql = ..\ReadMe\PetshopScriptDDL.sql
	EndProjectSection
EndProject
Global
	GlobalSection(SolutionConfigurationPlatforms) = preSolution
		Debug|.NET = Debug|.NET
		Debug|Any CPU = Debug|Any CPU
		Debug|Mixed Platforms = Debug|Mixed Platforms
		Release|.NET = Release|.NET
		Release|Any CPU = Release|Any CPU
		Release|Mixed Platforms = Release|Mixed Platforms
	EndGlobalSection
	GlobalSection(ProjectConfigurationPlatforms) = postSolution
		{20E43088-4618-4F4A-B8AD-FC31B50D94CD}.Debug|.NET.ActiveCfg = Debug|Any CPU
		{20E43088-4618-4F4A-B8AD-FC31B50D94CD}.Debug|Any CPU.ActiveCfg = Debug|Any CPU
		{20E43088-4618-4F4A-B8AD-FC31B50D94CD}.Debug|Any CPU.Build.0 = Debug|Any CPU
		{20E43088-4618-4F4A-B8AD-FC31B50D94CD}.Debug|Mixed Platforms.ActiveCfg = Debug|Any CPU
		{20E43088-4618-4F4A-B8AD-FC31B50D94CD}.Debug|Mixed Platforms.Build.0 = Debug|Any CPU
		{20E43088-4618-4F4A-B8AD-FC31B50D94CD}.Release|.NET.ActiveCfg = Release|Any CPU
		{20E43088-4618-4F4A-B8AD-FC31B50D94CD}.Release|Any CPU.ActiveCfg = Release|Any CPU
		{20E43088-4618-4F4A-B8AD-FC31B50D94CD}.Release|Any CPU.Build.0 = Release|Any CPU
		{20E43088-4618-4F4A-B8AD-FC31B50D94CD}.Release|Mixed Platforms.ActiveCfg = Release|Any CPU
		{20E43088-4618-4F4A-B8AD-FC31B50D94CD}.Release|Mixed Platforms.Build.0 = Release|Any CPU
		{041C1BBE-0BFB-4D45-8125-9AB0BBC09A92}.Debug|.NET.ActiveCfg = Debug|Any CPU
		{041C1BBE-0BFB-4D45-8125-9AB0BBC09A92}.Debug|Any CPU.ActiveCfg = Debug|Any CPU
		{041C1BBE-0BFB-4D45-8125-9AB0BBC09A92}.Debug|Any CPU.Build.0 = Debug|Any CPU
		{041C1BBE-0BFB-4D45-8125-9AB0BBC09A92}.Debug|Mixed Platforms.ActiveCfg = Debug|Any CPU
		{041C1BBE-0BFB-4D45-8125-9AB0BBC09A92}.Debug|Mixed Platforms.Build.0 = Debug|Any CPU
		{041C1BBE-0BFB-4D45-8125-9AB0BBC09A92}.Release|.NET.ActiveCfg = Release|Any CPU
		{041C1BBE-0BFB-4D45-8125-9AB0BBC09A92}.Release|Any CPU.ActiveCfg = Release|Any CPU
		{041C1BBE-0BFB-4D45-8125-9AB0BBC09A92}.Release|Any CPU.Build.0 = Release|Any CPU
		{041C1BBE-0BFB-4D45-8125-9AB0BBC09A92}.Release|Mixed Platforms.ActiveCfg = Release|Any CPU
		{041C1BBE-0BFB-4D45-8125-9AB0BBC09A92}.Release|Mixed Platforms.Build.0 = Release|Any CPU
		{8996A7B4-57D3-440B-A545-A701844B8C4A}.Debug|.NET.ActiveCfg = Debug|Any CPU
		{8996A7B4-57D3-440B-A545-A701844B8C4A}.Debug|Any CPU.ActiveCfg = Debug|Any CPU
		{8996A7B4-57D3-440B-A545-A701844B8C4A}.Debug|Any CPU.Build.0 = Debug|Any CPU
		{8996A7B4-57D3-440B-A545-A701844B8C4A}.Debug|Mixed Platforms.ActiveCfg = Debug|Any CPU
		{8996A7B4-57D3-440B-A545-A701844B8C4A}.Debug|Mixed Platforms.Build.0 = Debug|Any CPU
		{8996A7B4-57D3-440B-A545-A701844B8C4A}.Release|.NET.ActiveCfg = Release|Any CPU
		{8996A7B4-57D3-440B-A545-A701844B8C4A}.Release|Any CPU.ActiveCfg = Release|Any CPU
		{8996A7B4-57D3-440B-A545-A701844B8C4A}.Release|Any CPU.Build.0 = Release|Any CPU
		{8996A7B4-57D3-440B-A545-A701844B8C4A}.Release|Mixed Platforms.ActiveCfg = Release|Any CPU
		{8996A7B4-57D3-440B-A545-A701844B8C4A}.Release|Mixed Platforms.Build.0 = Release|Any CPU
		{47FE3BE8-3E46-47CA-8494-473755867DD0}.Debug|.NET.ActiveCfg = Debug|Any CPU
		{47FE3BE8-3E46-47CA-8494-473755867DD0}.Debug|Any CPU.ActiveCfg = Debug|Any CPU
		{47FE3BE8-3E46-47CA-8494-473755867DD0}.Debug|Any CPU.Build.0 = Debug|Any CPU
		{47FE3BE8-3E46-47CA-8494-473755867DD0}.Debug|Mixed Platforms.ActiveCfg = Debug|Any CPU
		{47FE3BE8-3E46-47CA-8494-473755867DD0}.Debug|Mixed Platforms.Build.0 = Debug|Any CPU
		{47FE3BE8-3E46-47CA-8494-473755867DD0}.Release|.NET.ActiveCfg = Release|Any CPU
		{47FE3BE8-3E46-47CA-8494-473755867DD0}.Release|Any CPU.ActiveCfg = Release|Any CPU
		{47FE3BE8-3E46-47CA-8494-473755867DD0}.Release|Any CPU.Build.0 = Release|Any CPU
		{47FE3BE8-3E46-47CA-8494-473755867DD0}.Release|Mixed Platforms.ActiveCfg = Release|Any CPU
		{47FE3BE8-3E46-47CA-8494-473755867DD0}.Release|Mixed Platforms.Build.0 = Release|Any CPU
		{061C1BBE-0BFB-4D45-8125-9AB0BBC09A92}.Debug|.NET.ActiveCfg = Debug|Any CPU
		{061C1BBE-0BFB-4D45-8125-9AB0BBC09A92}.Debug|Any CPU.ActiveCfg = Debug|Any CPU
		{061C1BBE-0BFB-4D45-8125-9AB0BBC09A92}.Debug|Any CPU.Build.0 = Debug|Any CPU
		{061C1BBE-0BFB-4D45-8125-9AB0BBC09A92}.Debug|Mixed Platforms.ActiveCfg = Debug|Any CPU
		{061C1BBE-0BFB-4D45-8125-9AB0BBC09A92}.Debug|Mixed Platforms.Build.0 = Debug|Any CPU
		{061C1BBE-0BFB-4D45-8125-9AB0BBC09A92}.Release|.NET.ActiveCfg = Release|Any CPU
		{061C1BBE-0BFB-4D45-8125-9AB0BBC09A92}.Release|Any CPU.ActiveCfg = Release|Any CPU
		{061C1BBE-0BFB-4D45-8125-9AB0BBC09A92}.Release|Any CPU.Build.0 = Release|Any CPU
		{061C1BBE-0BFB-4D45-8125-9AB0BBC09A92}.Release|Mixed Platforms.ActiveCfg = Release|Any CPU
		{061C1BBE-0BFB-4D45-8125-9AB0BBC09A92}.Release|Mixed Platforms.Build.0 = Release|Any CPU
		{794327CE-DC0A-4381-89EE-4C00AFB08D5A}.Debug|.NET.ActiveCfg = Debug|Any CPU
		{794327CE-DC0A-4381-89EE-4C00AFB08D5A}.Debug|Any CPU.ActiveCfg = Debug|Any CPU
		{794327CE-DC0A-4381-89EE-4C00AFB08D5A}.Debug|Any CPU.Build.0 = Debug|Any CPU
		{794327CE-DC0A-4381-89EE-4C00AFB08D5A}.Debug|Mixed Platforms.ActiveCfg = Debug|Any CPU
		{794327CE-DC0A-4381-89EE-4C00AFB08D5A}.Debug|Mixed Platforms.Build.0 = Debug|Any CPU
		{794327CE-DC0A-4381-89EE-4C00AFB08D5A}.Release|.NET.ActiveCfg = Release|Any CPU
		{794327CE-DC0A-4381-89EE-4C00AFB08D5A}.Release|Any CPU.ActiveCfg = Release|Any CPU
		{794327CE-DC0A-4381-89EE-4C00AFB08D5A}.Release|Any CPU.Build.0 = Release|Any CPU
		{794327CE-DC0A-4381-89EE-4C00AFB08D5A}.Release|Mixed Platforms.ActiveCfg = Release|Any CPU
		{794327CE-DC0A-4381-89EE-4C00AFB08D5A}.Release|Mixed Platforms.Build.0 = Release|Any CPU
		{031D5BAE-0BFB-4D45-8125-9AB0BBC09A92}.Debug|.NET.ActiveCfg = Debug|Any CPU
		{031D5BAE-0BFB-4D45-8125-9AB0BBC09A92}.Debug|Any CPU.ActiveCfg = Debug|Any CPU
		{031D5BAE-0BFB-4D45-8125-9AB0BBC09A92}.Debug|Any CPU.Build.0 = Debug|Any CPU
		{031D5BAE-0BFB-4D45-8125-9AB0BBC09A92}.Debug|Mixed Platforms.ActiveCfg = Debug|Any CPU
		{031D5BAE-0BFB-4D45-8125-9AB0BBC09A92}.Debug|Mixed Platforms.Build.0 = Debug|Any CPU
		{031D5BAE-0BFB-4D45-8125-9AB0BBC09A92}.Release|.NET.ActiveCfg = Release|Any CPU
		{031D5BAE-0BFB-4D45-8125-9AB0BBC09A92}.Release|Any CPU.ActiveCfg = Release|Any CPU
		{031D5BAE-0BFB-4D45-8125-9AB0BBC09A92}.Release|Any CPU.Build.0 = Release|Any CPU
		{031D5BAE-0BFB-4D45-8125-9AB0BBC09A92}.Release|Mixed Platforms.ActiveCfg = Release|Any CPU
		{031D5BAE-0BFB-4D45-8125-9AB0BBC09A92}.Release|Mixed Platforms.Build.0 = Release|Any CPU
		{95ABA91E-B996-4139-B8C1-BC91EC0A875E}.Debug|.NET.ActiveCfg = Debug|.NET
		{95ABA91E-B996-4139-B8C1-BC91EC0A875E}.Debug|.NET.Build.0 = Debug|.NET
		{95ABA91E-B996-4139-B8C1-BC91EC0A875E}.Debug|Any CPU.ActiveCfg = Debug|.NET
		{95ABA91E-B996-4139-B8C1-BC91EC0A875E}.Debug|Mixed Platforms.ActiveCfg = Debug|.NET
		{95ABA91E-B996-4139-B8C1-BC91EC0A875E}.Debug|Mixed Platforms.Build.0 = Debug|.NET
		{95ABA91E-B996-4139-B8C1-BC91EC0A875E}.Release|.NET.ActiveCfg = Debug|.NET
		{95ABA91E-B996-4139-B8C1-BC91EC0A875E}.Release|.NET.Build.0 = Debug|.NET
		{95ABA91E-B996-4139-B8C1-BC91EC0A875E}.Release|Any CPU.ActiveCfg = Debug|.NET
		{95ABA91E-B996-4139-B8C1-BC91EC0A875E}.Release|Mixed Platforms.ActiveCfg = Debug|.NET
		{95ABA91E-B996-4139-B8C1-BC91EC0A875E}.Release|Mixed Platforms.Build.0 = Debug|.NET
		{F15E5B9F-465D-49B4-9466-3871F016BDB3}.Debug|.NET.ActiveCfg = Debug|.NET
		{F15E5B9F-465D-49B4-9466-3871F016BDB3}.Debug|.NET.Build.0 = Debug|.NET
		{F15E5B9F-465D-49B4-9466-3871F016BDB3}.Debug|Any CPU.ActiveCfg = Debug|.NET
		{F15E5B9F-465D-49B4-9466-3871F016BDB3}.Debug|Mixed Platforms.ActiveCfg = Debug|.NET
		{F15E5B9F-465D-49B4-9466-3871F016BDB3}.Debug|Mixed Platforms.Build.0 = Debug|.NET
		{F15E5B9F-465D-49B4-9466-3871F016BDB3}.Release|.NET.ActiveCfg = Debug|.NET
		{F15E5B9F-465D-49B4-9466-3871F016BDB3}.Release|.NET.Build.0 = Debug|.NET
		{F15E5B9F-465D-49B4-9466-3871F016BDB3}.Release|Any CPU.ActiveCfg = Debug|.NET
		{F15E5B9F-465D-49B4-9466-3871F016BDB3}.Release|Mixed Platforms.ActiveCfg = Debug|.NET
		{F15E5B9F-465D-49B4-9466-3871F016BDB3}.Release|Mixed Platforms.Build.0 = Debug|.NET
		{E3F94CFB-039E-4ED9-984F-5851086C7739}.Debug|.NET.ActiveCfg = Debug|Any CPU
		{E3F94CFB-039E-4ED9-984F-5851086C7739}.Debug|Any CPU.ActiveCfg = Debug|Any CPU
		{E3F94CFB-039E-4ED9-984F-5851086C7739}.Debug|Any CPU.Build.0 = Debug|Any CPU
		{E3F94CFB-039E-4ED9-984F-5851086C7739}.Debug|Mixed Platforms.ActiveCfg = Debug|Any CPU
		{E3F94CFB-039E-4ED9-984F-5851086C7739}.Debug|Mixed Platforms.Build.0 = Debug|Any CPU
		{E3F94CFB-039E-4ED9-984F-5851086C7739}.Release|.NET.ActiveCfg = Release|Any CPU
		{E3F94CFB-039E-4ED9-984F-5851086C7739}.Release|Any CPU.ActiveCfg = Release|Any CPU
		{E3F94CFB-039E-4ED9-984F-5851086C7739}.Release|Any CPU.Build.0 = Release|Any CPU
		{E3F94CFB-039E-4ED9-984F-5851086C7739}.Release|Mixed Platforms.ActiveCfg = Release|Any CPU
		{E3F94CFB-039E-4ED9-984F-5851086C7739}.Release|Mixed Platforms.Build.0 = Release|Any CPU
	EndGlobalSection
	GlobalSection(SolutionProperties) = preSolution
		HideSolutionNode = FALSE
	EndGlobalSection
	GlobalSection(NestedProjects) = preSolution
		{041C1BBE-0BFB-4D45-8125-9AB0BBC09A92} = {F3A10C8D-3227-449F-A2CB-014DE2D7F415}
		{8996A7B4-57D3-440B-A545-A701844B8C4A} = {F3A10C8D-3227-449F-A2CB-014DE2D7F415}
		{47FE3BE8-3E46-47CA-8494-473755867DD0} = {F3A10C8D-3227-449F-A2CB-014DE2D7F415}
		{061C1BBE-0BFB-4D45-8125-9AB0BBC09A92} = {F3A10C8D-3227-449F-A2CB-014DE2D7F415}
		{794327CE-DC0A-4381-89EE-4C00AFB08D5A} = {F3A10C8D-3227-449F-A2CB-014DE2D7F415}
		{031D5BAE-0BFB-4D45-8125-9AB0BBC09A92} = {F3A10C8D-3227-449F-A2CB-014DE2D7F415}
		{20E43088-4618-4F4A-B8AD-FC31B50D94CD} = {F3A10C8D-3227-449F-A2CB-014DE2D7F415}
	EndGlobalSection
EndGlobal
