
Microsoft Visual Studio Solution File, Format Version 9.00
# Visual Studio 2005
Project("{E24C65DC-7377-472B-9ABA-BC803B73C61A}") = "C:\...\www\", "www\", "{90BC442F-A7E9-4AC2-9B38-E8FCE6182516}"
	ProjectSection(WebsiteProperties) = preProject
		ProjectReferences = "{20E43088-4618-4F4A-B8AD-FC31B50D94CD}|SerialCoder.PetShop.dll;{041C1BBE-0BFB-4D45-8125-9AB0BBC09A92}|SerialCoder.PetShop.DataAccessLayer.dll;{8996A7B4-57D3-440B-A545-A701844B8C4A}|SerialCoder.PetShop.DataAccessLayer.SqlClient.dll;"
		Debug.AspNetCompiler.VirtualPath = "/www"
		Debug.AspNetCompiler.PhysicalPath = "..\..\..\..\..\..\FolderShare\petshopnet2\www\"
		Debug.AspNetCompiler.TargetPath = "PrecompiledWeb\www\"
		Debug.AspNetCompiler.Updateable = "true"
		Debug.AspNetCompiler.ForceOverwrite = "true"
		Debug.AspNetCompiler.FixedNames = "false"
		Debug.AspNetCompiler.Debug = "True"
		Release.AspNetCompiler.VirtualPath = "/www"
		Release.AspNetCompiler.PhysicalPath = "..\..\..\..\..\..\FolderShare\petshopnet2\www\"
		Release.AspNetCompiler.TargetPath = "PrecompiledWeb\www\"
		Release.AspNetCompiler.Updateable = "true"
		Release.AspNetCompiler.ForceOverwrite = "true"
		Release.AspNetCompiler.FixedNames = "false"
		Release.AspNetCompiler.Debug = "False"
		VWDPort = "3693"
	EndProjectSection
EndProject
Project("{2150E333-8FDC-42A3-9474-1A3956D46DE8}") = "NetTiers", "NetTiers", "{83F88983-5F56-4D51-A6DE-D1DE518587CC}"
EndProject
Project("{2150E333-8FDC-42A3-9474-1A3956D46DE8}") = "Solution Items", "Solution Items", "{1FB5E99C-B2BA-48D2-A0D6-BD751D9B3CA7}"
	ProjectSection(SolutionItems) = preProject
		database.png = database.png
		f01boa01.gif = f01boa01.gif
		PetShopNet2.html = PetShopNet2.html
	EndProjectSection
EndProject
Project("{FAE04EC0-301F-11D3-BF4B-00C04F79EFBC}") = "netTiers.PetShop", "NetTiers\netTiers.PetShop\netTiers.PetShop.csproj", "{20E43088-4618-4F4A-B8AD-FC31B50D94CD}"
EndProject
Project("{FAE04EC0-301F-11D3-BF4B-00C04F79EFBC}") = "netTiers.PetShop.DataAccessLayer", "NetTiers\netTiers.PetShop.DataAccessLayer\netTiers.PetShop.DataAccessLayer.csproj", "{041C1BBE-0BFB-4D45-8125-9AB0BBC09A92}"
EndProject
Project("{FAE04EC0-301F-11D3-BF4B-00C04F79EFBC}") = "netTiers.PetShop.DataAccessLayer.SqlClient", "NetTiers\netTiers.PetShop.DataAccessLayer.SqlClient\netTiers.PetShop.DataAccessLayer.SqlClient.csproj", "{8996A7B4-57D3-440B-A545-A701844B8C4A}"
EndProject
Project("{FAE04EC0-301F-11D3-BF4B-00C04F79EFBC}") = "netTiers.PetShop.UnitTests", "NetTiers\netTiers.PetShop.UnitTests\netTiers.PetShop.UnitTests.csproj", "{031D5BAE-0BFB-4D45-8125-9AB0BBC09A92}"
EndProject
Global
	GlobalSection(SolutionConfigurationPlatforms) = preSolution
		Debug|.NET = Debug|.NET
		Debug|Any CPU = Debug|Any CPU
		Debug|Mixed Platforms = Debug|Mixed Platforms
		Release|.NET = Release|.NET
		Release|Any CPU = Release|Any CPU
		Release|Mixed Platforms = Release|Mixed Platforms
	EndGlobalSection
	GlobalSection(ProjectConfigurationPlatforms) = postSolution
		{90BC442F-A7E9-4AC2-9B38-E8FCE6182516}.Debug|.NET.ActiveCfg = Debug|.NET
		{90BC442F-A7E9-4AC2-9B38-E8FCE6182516}.Debug|.NET.Build.0 = Debug|.NET
		{90BC442F-A7E9-4AC2-9B38-E8FCE6182516}.Debug|Any CPU.ActiveCfg = Debug|.NET
		{90BC442F-A7E9-4AC2-9B38-E8FCE6182516}.Debug|Mixed Platforms.ActiveCfg = Debug|.NET
		{90BC442F-A7E9-4AC2-9B38-E8FCE6182516}.Debug|Mixed Platforms.Build.0 = Debug|.NET
		{90BC442F-A7E9-4AC2-9B38-E8FCE6182516}.Release|.NET.ActiveCfg = Debug|.NET
		{90BC442F-A7E9-4AC2-9B38-E8FCE6182516}.Release|.NET.Build.0 = Debug|.NET
		{90BC442F-A7E9-4AC2-9B38-E8FCE6182516}.Release|Any CPU.ActiveCfg = Debug|.NET
		{90BC442F-A7E9-4AC2-9B38-E8FCE6182516}.Release|Mixed Platforms.ActiveCfg = Debug|.NET
		{90BC442F-A7E9-4AC2-9B38-E8FCE6182516}.Release|Mixed Platforms.Build.0 = Debug|.NET
		{20E43088-4618-4F4A-B8AD-FC31B50D94CD}.Debug|.NET.ActiveCfg = Debug|Any CPU
		{20E43088-4618-4F4A-B8AD-FC31B50D94CD}.Debug|Any CPU.ActiveCfg = Debug|Any CPU
		{20E43088-4618-4F4A-B8AD-FC31B50D94CD}.Debug|Any CPU.Build.0 = Debug|Any CPU
		{20E43088-4618-4F4A-B8AD-FC31B50D94CD}.Debug|Mixed Platforms.ActiveCfg = Debug|Any CPU
		{20E43088-4618-4F4A-B8AD-FC31B50D94CD}.Debug|Mixed Platforms.Build.0 = Debug|Any CPU
		{20E43088-4618-4F4A-B8AD-FC31B50D94CD}.Release|.NET.ActiveCfg = Release|Any CPU
		{20E43088-4618-4F4A-B8AD-FC31B50D94CD}.Release|Any CPU.ActiveCfg = Release|Any CPU
		{20E43088-4618-4F4A-B8AD-FC31B50D94CD}.Release|Any CPU.Build.0 = Release|Any CPU
		{20E43088-4618-4F4A-B8AD-FC31B50D94CD}.Release|Mixed Platforms.ActiveCfg = Release|Any CPU
		{20E43088-4618-4F4A-B8AD-FC31B50D94CD}.Release|Mixed Platforms.Build.0 = Release|Any CPU
		{041C1BBE-0BFB-4D45-8125-9AB0BBC09A92}.Debug|.NET.ActiveCfg = Debug|Any CPU
		{041C1BBE-0BFB-4D45-8125-9AB0BBC09A92}.Debug|Any CPU.ActiveCfg = Debug|Any CPU
		{041C1BBE-0BFB-4D45-8125-9AB0BBC09A92}.Debug|Any CPU.Build.0 = Debug|Any CPU
		{041C1BBE-0BFB-4D45-8125-9AB0BBC09A92}.Debug|Mixed Platforms.ActiveCfg = Debug|Any CPU
		{041C1BBE-0BFB-4D45-8125-9AB0BBC09A92}.Debug|Mixed Platforms.Build.0 = Debug|Any CPU
		{041C1BBE-0BFB-4D45-8125-9AB0BBC09A92}.Release|.NET.ActiveCfg = Release|Any CPU
		{041C1BBE-0BFB-4D45-8125-9AB0BBC09A92}.Release|Any CPU.ActiveCfg = Release|Any CPU
		{041C1BBE-0BFB-4D45-8125-9AB0BBC09A92}.Release|Any CPU.Build.0 = Release|Any CPU
		{041C1BBE-0BFB-4D45-8125-9AB0BBC09A92}.Release|Mixed Platforms.ActiveCfg = Release|Any CPU
		{041C1BBE-0BFB-4D45-8125-9AB0BBC09A92}.Release|Mixed Platforms.Build.0 = Release|Any CPU
		{8996A7B4-57D3-440B-A545-A701844B8C4A}.Debug|.NET.ActiveCfg = Debug|Any CPU
		{8996A7B4-57D3-440B-A545-A701844B8C4A}.Debug|Any CPU.ActiveCfg = Debug|Any CPU
		{8996A7B4-57D3-440B-A545-A701844B8C4A}.Debug|Any CPU.Build.0 = Debug|Any CPU
		{8996A7B4-57D3-440B-A545-A701844B8C4A}.Debug|Mixed Platforms.ActiveCfg = Debug|Any CPU
		{8996A7B4-57D3-440B-A545-A701844B8C4A}.Debug|Mixed Platforms.Build.0 = Debug|Any CPU
		{8996A7B4-57D3-440B-A545-A701844B8C4A}.Release|.NET.ActiveCfg = Release|Any CPU
		{8996A7B4-57D3-440B-A545-A701844B8C4A}.Release|Any CPU.ActiveCfg = Release|Any CPU
		{8996A7B4-57D3-440B-A545-A701844B8C4A}.Release|Any CPU.Build.0 = Release|Any CPU
		{8996A7B4-57D3-440B-A545-A701844B8C4A}.Release|Mixed Platforms.ActiveCfg = Release|Any CPU
		{8996A7B4-57D3-440B-A545-A701844B8C4A}.Release|Mixed Platforms.Build.0 = Release|Any CPU
		{031D5BAE-0BFB-4D45-8125-9AB0BBC09A92}.Debug|.NET.ActiveCfg = Debug|Any CPU
		{031D5BAE-0BFB-4D45-8125-9AB0BBC09A92}.Debug|Any CPU.ActiveCfg = Debug|Any CPU
		{031D5BAE-0BFB-4D45-8125-9AB0BBC09A92}.Debug|Any CPU.Build.0 = Debug|Any CPU
		{031D5BAE-0BFB-4D45-8125-9AB0BBC09A92}.Debug|Mixed Platforms.ActiveCfg = Debug|Any CPU
		{031D5BAE-0BFB-4D45-8125-9AB0BBC09A92}.Debug|Mixed Platforms.Build.0 = Debug|Any CPU
		{031D5BAE-0BFB-4D45-8125-9AB0BBC09A92}.Release|.NET.ActiveCfg = Release|Any CPU
		{031D5BAE-0BFB-4D45-8125-9AB0BBC09A92}.Release|Any CPU.ActiveCfg = Release|Any CPU
		{031D5BAE-0BFB-4D45-8125-9AB0BBC09A92}.Release|Any CPU.Build.0 = Release|Any CPU
		{031D5BAE-0BFB-4D45-8125-9AB0BBC09A92}.Release|Mixed Platforms.ActiveCfg = Release|Any CPU
		{031D5BAE-0BFB-4D45-8125-9AB0BBC09A92}.Release|Mixed Platforms.Build.0 = Release|Any CPU
	EndGlobalSection
	GlobalSection(SolutionProperties) = preSolution
		HideSolutionNode = FALSE
	EndGlobalSection
	GlobalSection(NestedProjects) = preSolution
		{20E43088-4618-4F4A-B8AD-FC31B50D94CD} = {83F88983-5F56-4D51-A6DE-D1DE518587CC}
		{041C1BBE-0BFB-4D45-8125-9AB0BBC09A92} = {83F88983-5F56-4D51-A6DE-D1DE518587CC}
		{8996A7B4-57D3-440B-A545-A701844B8C4A} = {83F88983-5F56-4D51-A6DE-D1DE518587CC}
		{031D5BAE-0BFB-4D45-8125-9AB0BBC09A92} = {83F88983-5F56-4D51-A6DE-D1DE518587CC}
	EndGlobalSection
EndGlobal
