Microsoft Visual Studio Solution File, Format Version 8.00
Project("{FAE04EC0-301F-11D3-BF4B-00C04F79EFBC}") = "NetTiers", "NetTiers\NetTiers.csproj", "{BB81F819-892D-4D8D-A372-5C863EC4AC97}"
	ProjectSection(ProjectDependencies) = postProject
	EndProjectSection
EndProject
Project("{FAE04EC0-301F-11D3-BF4B-00C04F79EFBC}") = "NetTiers.Configuration.Design", "NetTiers\Configuration\Design\NetTiers.Configuration.Design.csproj", "{9A2A19C7-44BC-4FA2-B741-6413096DDF58}"
	ProjectSection(ProjectDependencies) = postProject
	EndProjectSection
EndProject
Global
	GlobalSection(SolutionConfiguration) = preSolution
		Debug = Debug
		DebugLongRunningTests = DebugLongRunningTests
		DebugUnitTests = DebugUnitTests
		Release = Release
		ReleaseFinal = ReleaseFinal
		ReleaseUnitTests = ReleaseUnitTests
	EndGlobalSection
	GlobalSection(ProjectConfiguration) = postSolution
		{BB81F819-892D-4D8D-A372-5C863EC4AC97}.Debug.ActiveCfg = Debug|.NET
		{BB81F819-892D-4D8D-A372-5C863EC4AC97}.Debug.Build.0 = Debug|.NET
		{BB81F819-892D-4D8D-A372-5C863EC4AC97}.DebugLongRunningTests.ActiveCfg = Debug|.NET
		{BB81F819-892D-4D8D-A372-5C863EC4AC97}.DebugLongRunningTests.Build.0 = Debug|.NET
		{BB81F819-892D-4D8D-A372-5C863EC4AC97}.DebugUnitTests.ActiveCfg = Debug|.NET
		{BB81F819-892D-4D8D-A372-5C863EC4AC97}.DebugUnitTests.Build.0 = Debug|.NET
		{BB81F819-892D-4D8D-A372-5C863EC4AC97}.Release.ActiveCfg = Release|.NET
		{BB81F819-892D-4D8D-A372-5C863EC4AC97}.Release.Build.0 = Release|.NET
		{BB81F819-892D-4D8D-A372-5C863EC4AC97}.ReleaseFinal.ActiveCfg = Release|.NET
		{BB81F819-892D-4D8D-A372-5C863EC4AC97}.ReleaseFinal.Build.0 = Release|.NET
		{BB81F819-892D-4D8D-A372-5C863EC4AC97}.ReleaseUnitTests.ActiveCfg = Release|.NET
		{BB81F819-892D-4D8D-A372-5C863EC4AC97}.ReleaseUnitTests.Build.0 = Release|.NET
		{9A2A19C7-44BC-4FA2-B741-6413096DDF58}.Debug.ActiveCfg = Debug|.NET
		{9A2A19C7-44BC-4FA2-B741-6413096DDF58}.Debug.Build.0 = Debug|.NET
		{9A2A19C7-44BC-4FA2-B741-6413096DDF58}.DebugLongRunningTests.ActiveCfg = Debug|.NET
		{9A2A19C7-44BC-4FA2-B741-6413096DDF58}.DebugLongRunningTests.Build.0 = Debug|.NET
		{9A2A19C7-44BC-4FA2-B741-6413096DDF58}.DebugUnitTests.ActiveCfg = Debug|.NET
		{9A2A19C7-44BC-4FA2-B741-6413096DDF58}.DebugUnitTests.Build.0 = Debug|.NET
		{9A2A19C7-44BC-4FA2-B741-6413096DDF58}.Release.ActiveCfg = Release|.NET
		{9A2A19C7-44BC-4FA2-B741-6413096DDF58}.Release.Build.0 = Release|.NET
		{9A2A19C7-44BC-4FA2-B741-6413096DDF58}.ReleaseFinal.ActiveCfg = Release|.NET
		{9A2A19C7-44BC-4FA2-B741-6413096DDF58}.ReleaseFinal.Build.0 = Release|.NET
		{9A2A19C7-44BC-4FA2-B741-6413096DDF58}.ReleaseUnitTests.ActiveCfg = Release|.NET
		{9A2A19C7-44BC-4FA2-B741-6413096DDF58}.ReleaseUnitTests.Build.0 = Release|.NET
	EndGlobalSection
	GlobalSection(ExtensibilityGlobals) = postSolution
	EndGlobalSection
	GlobalSection(ExtensibilityAddIns) = postSolution
	EndGlobalSection
EndGlobal
