
Microsoft Visual Studio Solution File, Format Version 10.00
# Visual Studio 2008
Project("{FAE04EC0-301F-11D3-BF4B-00C04F79EFBC}") = "PetShop.Data", "Source\PetShop.Data\PetShop.Data.csproj", "{232F6A4E-8BD6-431A-9A4B-E3F2C73953AD}"
EndProject
Project("{FAE04EC0-301F-11D3-BF4B-00C04F79EFBC}") = "PetShop.Business", "Source\PetShop.Business\PetShop.Business.csproj", "{AC433AE0-A1DF-4D32-98C4-168D6DA1DF38}"
EndProject
Project("{FAE04EC0-301F-11D3-BF4B-00C04F79EFBC}") = "PetShop.UI", "Source\PetShop.UI\PetShop.UI.csproj", "{A761202E-412C-4F8D-8F01-18781D9CA7B6}"
EndProject
Project("{FAE04EC0-301F-11D3-BF4B-00C04F79EFBC}") = "PetShop.Controls", "Source\PetShop.Controls\PetShop.Controls.csproj", "{BF6714B1-2B59-4014-8476-744638F18362}"
EndProject
Project("{FAE04EC0-301F-11D3-BF4B-00C04F79EFBC}") = "PetShop.Test", "Source\PetShop.Test\PetShop.Test.csproj", "{EEE780F1-F7C7-465E-82B9-FEAB8A025E17}"
EndProject
Project("{FAE04EC0-301F-11D3-BF4B-00C04F79EFBC}") = "PetShop.Data.SqlClient", "Source\PetShop.Data.SqlClient\PetShop.Data.SqlClient.csproj", "{8996A7B4-57D3-440B-A545-A701844B8C4A}"
EndProject
Project("{FAE04EC0-301F-11D3-BF4B-00C04F79EFBC}") = "PetShop.Services", "Source\PetShop.Services\PetShop.Services.csproj", "{794327CE-DC0A-4381-89EE-4C00AFB08D5A}"
EndProject
Global
	GlobalSection(SolutionConfigurationPlatforms) = preSolution
		Debug|Any CPU = Debug|Any CPU
		GenerateDebug|Any CPU = GenerateDebug|Any CPU
		Release|Any CPU = Release|Any CPU
	EndGlobalSection
	GlobalSection(ProjectConfigurationPlatforms) = postSolution
		{232F6A4E-8BD6-431A-9A4B-E3F2C73953AD}.Debug|Any CPU.ActiveCfg = Debug|Any CPU
		{232F6A4E-8BD6-431A-9A4B-E3F2C73953AD}.Debug|Any CPU.Build.0 = Debug|Any CPU
		{232F6A4E-8BD6-431A-9A4B-E3F2C73953AD}.GenerateDebug|Any CPU.ActiveCfg = GenerateDebug|Any CPU
		{232F6A4E-8BD6-431A-9A4B-E3F2C73953AD}.GenerateDebug|Any CPU.Build.0 = GenerateDebug|Any CPU
		{232F6A4E-8BD6-431A-9A4B-E3F2C73953AD}.Release|Any CPU.ActiveCfg = Release|Any CPU
		{232F6A4E-8BD6-431A-9A4B-E3F2C73953AD}.Release|Any CPU.Build.0 = Release|Any CPU
		{AC433AE0-A1DF-4D32-98C4-168D6DA1DF38}.Debug|Any CPU.ActiveCfg = Debug|Any CPU
		{AC433AE0-A1DF-4D32-98C4-168D6DA1DF38}.Debug|Any CPU.Build.0 = Debug|Any CPU
		{AC433AE0-A1DF-4D32-98C4-168D6DA1DF38}.GenerateDebug|Any CPU.ActiveCfg = GenerateDebug|Any CPU
		{AC433AE0-A1DF-4D32-98C4-168D6DA1DF38}.GenerateDebug|Any CPU.Build.0 = GenerateDebug|Any CPU
		{AC433AE0-A1DF-4D32-98C4-168D6DA1DF38}.Release|Any CPU.ActiveCfg = Release|Any CPU
		{AC433AE0-A1DF-4D32-98C4-168D6DA1DF38}.Release|Any CPU.Build.0 = Release|Any CPU
		{A761202E-412C-4F8D-8F01-18781D9CA7B6}.Debug|Any CPU.ActiveCfg = Debug|Any CPU
		{A761202E-412C-4F8D-8F01-18781D9CA7B6}.Debug|Any CPU.Build.0 = Debug|Any CPU
		{A761202E-412C-4F8D-8F01-18781D9CA7B6}.GenerateDebug|Any CPU.ActiveCfg = Debug|Any CPU
		{A761202E-412C-4F8D-8F01-18781D9CA7B6}.GenerateDebug|Any CPU.Build.0 = Debug|Any CPU
		{A761202E-412C-4F8D-8F01-18781D9CA7B6}.Release|Any CPU.ActiveCfg = Release|Any CPU
		{A761202E-412C-4F8D-8F01-18781D9CA7B6}.Release|Any CPU.Build.0 = Release|Any CPU
		{BF6714B1-2B59-4014-8476-744638F18362}.Debug|Any CPU.ActiveCfg = Debug|Any CPU
		{BF6714B1-2B59-4014-8476-744638F18362}.Debug|Any CPU.Build.0 = Debug|Any CPU
		{BF6714B1-2B59-4014-8476-744638F18362}.GenerateDebug|Any CPU.ActiveCfg = Debug|Any CPU
		{BF6714B1-2B59-4014-8476-744638F18362}.GenerateDebug|Any CPU.Build.0 = Debug|Any CPU
		{BF6714B1-2B59-4014-8476-744638F18362}.Release|Any CPU.ActiveCfg = Release|Any CPU
		{BF6714B1-2B59-4014-8476-744638F18362}.Release|Any CPU.Build.0 = Release|Any CPU
		{EEE780F1-F7C7-465E-82B9-FEAB8A025E17}.Debug|Any CPU.ActiveCfg = Debug|Any CPU
		{EEE780F1-F7C7-465E-82B9-FEAB8A025E17}.Debug|Any CPU.Build.0 = Debug|Any CPU
		{EEE780F1-F7C7-465E-82B9-FEAB8A025E17}.GenerateDebug|Any CPU.ActiveCfg = Debug|Any CPU
		{EEE780F1-F7C7-465E-82B9-FEAB8A025E17}.GenerateDebug|Any CPU.Build.0 = Debug|Any CPU
		{EEE780F1-F7C7-465E-82B9-FEAB8A025E17}.Release|Any CPU.ActiveCfg = Release|Any CPU
		{EEE780F1-F7C7-465E-82B9-FEAB8A025E17}.Release|Any CPU.Build.0 = Release|Any CPU
		{8996A7B4-57D3-440B-A545-A701844B8C4A}.Debug|Any CPU.ActiveCfg = Debug|Any CPU
		{8996A7B4-57D3-440B-A545-A701844B8C4A}.Debug|Any CPU.Build.0 = Debug|Any CPU
		{8996A7B4-57D3-440B-A545-A701844B8C4A}.GenerateDebug|Any CPU.ActiveCfg = GenerateDebug|Any CPU
		{8996A7B4-57D3-440B-A545-A701844B8C4A}.GenerateDebug|Any CPU.Build.0 = GenerateDebug|Any CPU
		{8996A7B4-57D3-440B-A545-A701844B8C4A}.Release|Any CPU.ActiveCfg = Release|Any CPU
		{8996A7B4-57D3-440B-A545-A701844B8C4A}.Release|Any CPU.Build.0 = Release|Any CPU
		{794327CE-DC0A-4381-89EE-4C00AFB08D5A}.Debug|Any CPU.ActiveCfg = Debug|Any CPU
		{794327CE-DC0A-4381-89EE-4C00AFB08D5A}.Debug|Any CPU.Build.0 = Debug|Any CPU
		{794327CE-DC0A-4381-89EE-4C00AFB08D5A}.GenerateDebug|Any CPU.ActiveCfg = GenerateDebug|Any CPU
		{794327CE-DC0A-4381-89EE-4C00AFB08D5A}.GenerateDebug|Any CPU.Build.0 = GenerateDebug|Any CPU
		{794327CE-DC0A-4381-89EE-4C00AFB08D5A}.Release|Any CPU.ActiveCfg = Release|Any CPU
		{794327CE-DC0A-4381-89EE-4C00AFB08D5A}.Release|Any CPU.Build.0 = Release|Any CPU
	EndGlobalSection
	GlobalSection(SolutionProperties) = preSolution
		HideSolutionNode = FALSE
	EndGlobalSection
EndGlobal
